// !$*UTF8*$!
{
	archiveVersion = 1;
	classes = {
	};
	objectVersion = 55;
	objects = {

/* Begin PBXBuildFile section */
		0E08F1732807790B001298CD /* NetworkService.swift in Sources */ = {isa = PBXBuildFile; fileRef = 0E08F1722807790B001298CD /* NetworkService.swift */; };
		0E08F17528077A10001298CD /* StringExtension.swift in Sources */ = {isa = PBXBuildFile; fileRef = 0E08F17428077A10001298CD /* StringExtension.swift */; };
		0E08F1772807853F001298CD /* RequestError.swift in Sources */ = {isa = PBXBuildFile; fileRef = 0E08F1762807853F001298CD /* RequestError.swift */; };
		0E08F179280790CE001298CD /* TamoJuntoAPI.swift in Sources */ = {isa = PBXBuildFile; fileRef = 0E08F178280790CE001298CD /* TamoJuntoAPI.swift */; };
		0E26ED3F28008EB4000F995F /* CommentView.swift in Sources */ = {isa = PBXBuildFile; fileRef = 0E26ED3E28008EB4000F995F /* CommentView.swift */; };
		0E26ED4028008FCF000F995F /* Assets.xcassets in Resources */ = {isa = PBXBuildFile; fileRef = 0ECB68B527FE4FC1000CD6B0 /* Assets.xcassets */; };
		0E26ED422800C15E000F995F /* CommentsInPostView.swift in Sources */ = {isa = PBXBuildFile; fileRef = 0E26ED412800C15E000F995F /* CommentsInPostView.swift */; };
		0E54D38027FB40F400EB3D81 /* AppDelegate.swift in Sources */ = {isa = PBXBuildFile; fileRef = 0E54D37F27FB40F400EB3D81 /* AppDelegate.swift */; };
		0E54D38227FB40F400EB3D81 /* SceneDelegate.swift in Sources */ = {isa = PBXBuildFile; fileRef = 0E54D38127FB40F400EB3D81 /* SceneDelegate.swift */; };
		0E54D38427FB40F400EB3D81 /* ViewController.swift in Sources */ = {isa = PBXBuildFile; fileRef = 0E54D38327FB40F400EB3D81 /* ViewController.swift */; };
		0E54D38C27FB40F500EB3D81 /* LaunchScreen.storyboard in Resources */ = {isa = PBXBuildFile; fileRef = 0E54D38A27FB40F500EB3D81 /* LaunchScreen.storyboard */; };
		0E61E36927FCB6BA00C21E83 /* UIViewExtension.swift in Sources */ = {isa = PBXBuildFile; fileRef = 0E61E36827FCB6B900C21E83 /* UIViewExtension.swift */; };
		0EAA937D2809DF7D00C7AE5E /* URLExtension.swift in Sources */ = {isa = PBXBuildFile; fileRef = 0EAA937C2809DF7D00C7AE5E /* URLExtension.swift */; };
		0EAA937F280A106700C7AE5E /* UIImageViewExtension.swift in Sources */ = {isa = PBXBuildFile; fileRef = 0EAA937E280A106700C7AE5E /* UIImageViewExtension.swift */; };
		0EC7FB9427FF23CA004DB853 /* MakeCommentView.swift in Sources */ = {isa = PBXBuildFile; fileRef = 0EC7FB9327FF23CA004DB853 /* MakeCommentView.swift */; };
		0EC7FB9627FF24A2004DB853 /* PostView.swift in Sources */ = {isa = PBXBuildFile; fileRef = 0EC7FB9527FF24A2004DB853 /* PostView.swift */; };
		0EC7FB9927FF2682004DB853 /* CodeView.swift in Sources */ = {isa = PBXBuildFile; fileRef = 0EC7FB9827FF2682004DB853 /* CodeView.swift */; };
		0EC7FB9D27FF2ADE004DB853 /* UILabelExtension.swift in Sources */ = {isa = PBXBuildFile; fileRef = 0EC7FB9C27FF2ADE004DB853 /* UILabelExtension.swift */; };
		0EC7FB9F27FF6473004DB853 /* MakeCommentViewController.swift in Sources */ = {isa = PBXBuildFile; fileRef = 0EC7FB9E27FF6473004DB853 /* MakeCommentViewController.swift */; };
		0ECDB4232804756D00DA7908 /* PostCommentsViewController.swift in Sources */ = {isa = PBXBuildFile; fileRef = 0ECDB4222804756D00DA7908 /* PostCommentsViewController.swift */; };
		0ECDB4252804BE0600DA7908 /* CommentsStackView.swift in Sources */ = {isa = PBXBuildFile; fileRef = 0ECDB4242804BE0600DA7908 /* CommentsStackView.swift */; };
		693671BF28060A3E001E0668 /* LoginDTOModel.swift in Sources */ = {isa = PBXBuildFile; fileRef = 693671BE28060A3E001E0668 /* LoginDTOModel.swift */; };
		693671C128060A69001E0668 /* CreateUserDTOModel.swift in Sources */ = {isa = PBXBuildFile; fileRef = 693671C028060A69001E0668 /* CreateUserDTOModel.swift */; };
		693671C328060AAC001E0668 /* StateModel.swift in Sources */ = {isa = PBXBuildFile; fileRef = 693671C228060AAC001E0668 /* StateModel.swift */; };
		693671C528060B37001E0668 /* CityModel.swift in Sources */ = {isa = PBXBuildFile; fileRef = 693671C428060B37001E0668 /* CityModel.swift */; };
		693671C728060B95001E0668 /* FileModel.swift in Sources */ = {isa = PBXBuildFile; fileRef = 693671C628060B95001E0668 /* FileModel.swift */; };
		693671C928060BBB001E0668 /* UserModel.swift in Sources */ = {isa = PBXBuildFile; fileRef = 693671C828060BBB001E0668 /* UserModel.swift */; };
		693671CB28060C8B001E0668 /* CreateSubjectDTOModel.swift in Sources */ = {isa = PBXBuildFile; fileRef = 693671CA28060C8B001E0668 /* CreateSubjectDTOModel.swift */; };
		693671CD28060CAC001E0668 /* SubjectModel.swift in Sources */ = {isa = PBXBuildFile; fileRef = 693671CC28060CAC001E0668 /* SubjectModel.swift */; };
		693671CF28060DFB001E0668 /* CreateThreadDTOModel.swift in Sources */ = {isa = PBXBuildFile; fileRef = 693671CE28060DFB001E0668 /* CreateThreadDTOModel.swift */; };
		693671D128060E5C001E0668 /* ThreadModel.swift in Sources */ = {isa = PBXBuildFile; fileRef = 693671D028060E5C001E0668 /* ThreadModel.swift */; };
		693671D328060EAA001E0668 /* CreateCommentDTOModel.swift in Sources */ = {isa = PBXBuildFile; fileRef = 693671D228060EAA001E0668 /* CreateCommentDTOModel.swift */; };
		6993077928007EB000405DD6 /* TopicCardNarrow.swift in Sources */ = {isa = PBXBuildFile; fileRef = 6993077828007EB000405DD6 /* TopicCardNarrow.swift */; };
		6993077B28007F3900405DD6 /* MainPageView.swift in Sources */ = {isa = PBXBuildFile; fileRef = 6993077A28007F3900405DD6 /* MainPageView.swift */; };
		6993077F2800B0D800405DD6 /* MainPageViewController.swift in Sources */ = {isa = PBXBuildFile; fileRef = 6993077E2800B0D800405DD6 /* MainPageViewController.swift */; };
		699307812800B48F00405DD6 /* TopicCardLong.swift in Sources */ = {isa = PBXBuildFile; fileRef = 699307802800B48F00405DD6 /* TopicCardLong.swift */; };
		699307832800BC1C00405DD6 /* SearchBar.swift in Sources */ = {isa = PBXBuildFile; fileRef = 699307822800BC1C00405DD6 /* SearchBar.swift */; };
		699307852800C49100405DD6 /* PostTwoLines.swift in Sources */ = {isa = PBXBuildFile; fileRef = 699307842800C49100405DD6 /* PostTwoLines.swift */; };
		69B73CD5280461FC00B65379 /* ImageCard.swift in Sources */ = {isa = PBXBuildFile; fileRef = 69B73CD4280461FC00B65379 /* ImageCard.swift */; };
		69B73CD8280462B600B65379 /* PostThreeLines.swift in Sources */ = {isa = PBXBuildFile; fileRef = 69B73CD7280462B600B65379 /* PostThreeLines.swift */; };
		69B73CDA280467CC00B65379 /* TopicMainPageView.swift in Sources */ = {isa = PBXBuildFile; fileRef = 69B73CD9280467CC00B65379 /* TopicMainPageView.swift */; };
		69B73CDD28046BC700B65379 /* TopicCardSmall.swift in Sources */ = {isa = PBXBuildFile; fileRef = 69B73CDC28046BC700B65379 /* TopicCardSmall.swift */; };
		69B73CDF28046F4200B65379 /* TopicMainPageViewController.swift in Sources */ = {isa = PBXBuildFile; fileRef = 69B73CDE28046F4200B65379 /* TopicMainPageViewController.swift */; };
		69B73CE128048EAC00B65379 /* Header.swift in Sources */ = {isa = PBXBuildFile; fileRef = 69B73CE028048EAC00B65379 /* Header.swift */; };
		69B73CE32804AF4000B65379 /* SearchSuccessView.swift in Sources */ = {isa = PBXBuildFile; fileRef = 69B73CE22804AF4000B65379 /* SearchSuccessView.swift */; };
		69B73CE52804B0D300B65379 /* SearchSuccessViewController.swift in Sources */ = {isa = PBXBuildFile; fileRef = 69B73CE42804B0D300B65379 /* SearchSuccessViewController.swift */; };
		69B73CE72804B14E00B65379 /* SearchFailView.swift in Sources */ = {isa = PBXBuildFile; fileRef = 69B73CE62804B14E00B65379 /* SearchFailView.swift */; };
		69CF953F27FCE20B00545017 /* PostEditorView.swift in Sources */ = {isa = PBXBuildFile; fileRef = 69CF953E27FCE20B00545017 /* PostEditorView.swift */; };
		69CF954827FDF20300545017 /* Raleway-Bold.ttf in Resources */ = {isa = PBXBuildFile; fileRef = 69CF954727FDF1FF00545017 /* Raleway-Bold.ttf */; };
		69CF954927FDF20500545017 /* Raleway-Regular.ttf in Resources */ = {isa = PBXBuildFile; fileRef = 69CF954527FDF1FF00545017 /* Raleway-Regular.ttf */; };
		69CF954A27FDF20700545017 /* Raleway-SemiBold.ttf in Resources */ = {isa = PBXBuildFile; fileRef = 69CF954627FDF1FF00545017 /* Raleway-SemiBold.ttf */; };
		69CF954C27FDFA5200545017 /* TabBarController.swift in Sources */ = {isa = PBXBuildFile; fileRef = 69CF954B27FDFA5200545017 /* TabBarController.swift */; };
		69CF954E27FDFA9D00545017 /* PostEditorViewController.swift in Sources */ = {isa = PBXBuildFile; fileRef = 69CF954D27FDFA9C00545017 /* PostEditorViewController.swift */; };
		69CF955527FE193B00545017 /* ActivateNotificationStack.swift in Sources */ = {isa = PBXBuildFile; fileRef = 69CF955427FE193B00545017 /* ActivateNotificationStack.swift */; };
		69CF955727FE194800545017 /* ButtonsStack.swift in Sources */ = {isa = PBXBuildFile; fileRef = 69CF955627FE194800545017 /* ButtonsStack.swift */; };
		69CF955B27FE196E00545017 /* MessageField.swift in Sources */ = {isa = PBXBuildFile; fileRef = 69CF955A27FE196E00545017 /* MessageField.swift */; };
		69CF955D27FE198500545017 /* TitleField.swift in Sources */ = {isa = PBXBuildFile; fileRef = 69CF955C27FE198500545017 /* TitleField.swift */; };
		69CF955F27FF12D700545017 /* FullPost.swift in Sources */ = {isa = PBXBuildFile; fileRef = 69CF955E27FF12D700545017 /* FullPost.swift */; };
		69CF956127FF150100545017 /* Raleway-Italic.ttf in Resources */ = {isa = PBXBuildFile; fileRef = 69CF956027FF150100545017 /* Raleway-Italic.ttf */; };
		69CF956327FF195100545017 /* FullPostViewController.swift in Sources */ = {isa = PBXBuildFile; fileRef = 69CF956227FF195100545017 /* FullPostViewController.swift */; };
		69CF956527FF2AAD00545017 /* LongButton.swift in Sources */ = {isa = PBXBuildFile; fileRef = 69CF956427FF2AAD00545017 /* LongButton.swift */; };
		69CF956727FF2B4400545017 /* FullPostView.swift in Sources */ = {isa = PBXBuildFile; fileRef = 69CF956627FF2B4400545017 /* FullPostView.swift */; };
		69E85DAB280D9D8A002FEEBE /* SubjectIDModel.swift in Sources */ = {isa = PBXBuildFile; fileRef = 69E85DAA280D9D8A002FEEBE /* SubjectIDModel.swift */; };
		69E85DAD280DB11B002FEEBE /* ThreadIDModel.swift in Sources */ = {isa = PBXBuildFile; fileRef = 69E85DAC280DB11B002FEEBE /* ThreadIDModel.swift */; };
/* End PBXBuildFile section */

/* Begin PBXFileReference section */
		0E08F1722807790B001298CD /* NetworkService.swift */ = {isa = PBXFileReference; lastKnownFileType = sourcecode.swift; path = NetworkService.swift; sourceTree = "<group>"; };
		0E08F17428077A10001298CD /* StringExtension.swift */ = {isa = PBXFileReference; lastKnownFileType = sourcecode.swift; path = StringExtension.swift; sourceTree = "<group>"; };
		0E08F1762807853F001298CD /* RequestError.swift */ = {isa = PBXFileReference; lastKnownFileType = sourcecode.swift; path = RequestError.swift; sourceTree = "<group>"; };
		0E08F178280790CE001298CD /* TamoJuntoAPI.swift */ = {isa = PBXFileReference; lastKnownFileType = sourcecode.swift; path = TamoJuntoAPI.swift; sourceTree = "<group>"; };
		0E26ED3E28008EB4000F995F /* CommentView.swift */ = {isa = PBXFileReference; lastKnownFileType = sourcecode.swift; path = CommentView.swift; sourceTree = "<group>"; };
		0E26ED412800C15E000F995F /* CommentsInPostView.swift */ = {isa = PBXFileReference; lastKnownFileType = sourcecode.swift; path = CommentsInPostView.swift; sourceTree = "<group>"; };
		0E54D37C27FB40F400EB3D81 /* tamojunto.app */ = {isa = PBXFileReference; explicitFileType = wrapper.application; includeInIndex = 0; path = tamojunto.app; sourceTree = BUILT_PRODUCTS_DIR; };
		0E54D37F27FB40F400EB3D81 /* AppDelegate.swift */ = {isa = PBXFileReference; lastKnownFileType = sourcecode.swift; path = AppDelegate.swift; sourceTree = "<group>"; };
		0E54D38127FB40F400EB3D81 /* SceneDelegate.swift */ = {isa = PBXFileReference; lastKnownFileType = sourcecode.swift; path = SceneDelegate.swift; sourceTree = "<group>"; };
		0E54D38327FB40F400EB3D81 /* ViewController.swift */ = {isa = PBXFileReference; lastKnownFileType = sourcecode.swift; path = ViewController.swift; sourceTree = "<group>"; };
		0E54D38B27FB40F500EB3D81 /* Base */ = {isa = PBXFileReference; lastKnownFileType = file.storyboard; name = Base; path = Base.lproj/LaunchScreen.storyboard; sourceTree = "<group>"; };
		0E54D38D27FB40F500EB3D81 /* Info.plist */ = {isa = PBXFileReference; lastKnownFileType = text.plist.xml; path = Info.plist; sourceTree = "<group>"; };
		0E61E36827FCB6B900C21E83 /* UIViewExtension.swift */ = {isa = PBXFileReference; lastKnownFileType = sourcecode.swift; path = UIViewExtension.swift; sourceTree = "<group>"; };
		0EAA937C2809DF7D00C7AE5E /* URLExtension.swift */ = {isa = PBXFileReference; lastKnownFileType = sourcecode.swift; path = URLExtension.swift; sourceTree = "<group>"; };
		0EAA937E280A106700C7AE5E /* UIImageViewExtension.swift */ = {isa = PBXFileReference; lastKnownFileType = sourcecode.swift; path = UIImageViewExtension.swift; sourceTree = "<group>"; };
		0EC7FB9327FF23CA004DB853 /* MakeCommentView.swift */ = {isa = PBXFileReference; lastKnownFileType = sourcecode.swift; path = MakeCommentView.swift; sourceTree = "<group>"; };
		0EC7FB9527FF24A2004DB853 /* PostView.swift */ = {isa = PBXFileReference; lastKnownFileType = sourcecode.swift; path = PostView.swift; sourceTree = "<group>"; };
		0EC7FB9827FF2682004DB853 /* CodeView.swift */ = {isa = PBXFileReference; lastKnownFileType = sourcecode.swift; path = CodeView.swift; sourceTree = "<group>"; };
		0EC7FB9C27FF2ADE004DB853 /* UILabelExtension.swift */ = {isa = PBXFileReference; lastKnownFileType = sourcecode.swift; path = UILabelExtension.swift; sourceTree = "<group>"; };
		0EC7FB9E27FF6473004DB853 /* MakeCommentViewController.swift */ = {isa = PBXFileReference; lastKnownFileType = sourcecode.swift; path = MakeCommentViewController.swift; sourceTree = "<group>"; };
		0ECB68B527FE4FC1000CD6B0 /* Assets.xcassets */ = {isa = PBXFileReference; lastKnownFileType = folder.assetcatalog; name = Assets.xcassets; path = tamojunto/Assets/Assets.xcassets; sourceTree = "<group>"; };
		0ECDB4222804756D00DA7908 /* PostCommentsViewController.swift */ = {isa = PBXFileReference; lastKnownFileType = sourcecode.swift; path = PostCommentsViewController.swift; sourceTree = "<group>"; };
		0ECDB4242804BE0600DA7908 /* CommentsStackView.swift */ = {isa = PBXFileReference; lastKnownFileType = sourcecode.swift; path = CommentsStackView.swift; sourceTree = "<group>"; };
		693671BE28060A3E001E0668 /* LoginDTOModel.swift */ = {isa = PBXFileReference; lastKnownFileType = sourcecode.swift; path = LoginDTOModel.swift; sourceTree = "<group>"; };
		693671C028060A69001E0668 /* CreateUserDTOModel.swift */ = {isa = PBXFileReference; lastKnownFileType = sourcecode.swift; path = CreateUserDTOModel.swift; sourceTree = "<group>"; };
		693671C228060AAC001E0668 /* StateModel.swift */ = {isa = PBXFileReference; lastKnownFileType = sourcecode.swift; path = StateModel.swift; sourceTree = "<group>"; };
		693671C428060B37001E0668 /* CityModel.swift */ = {isa = PBXFileReference; lastKnownFileType = sourcecode.swift; path = CityModel.swift; sourceTree = "<group>"; };
		693671C628060B95001E0668 /* FileModel.swift */ = {isa = PBXFileReference; lastKnownFileType = sourcecode.swift; path = FileModel.swift; sourceTree = "<group>"; };
		693671C828060BBB001E0668 /* UserModel.swift */ = {isa = PBXFileReference; lastKnownFileType = sourcecode.swift; path = UserModel.swift; sourceTree = "<group>"; };
		693671CA28060C8B001E0668 /* CreateSubjectDTOModel.swift */ = {isa = PBXFileReference; lastKnownFileType = sourcecode.swift; path = CreateSubjectDTOModel.swift; sourceTree = "<group>"; };
		693671CC28060CAC001E0668 /* SubjectModel.swift */ = {isa = PBXFileReference; lastKnownFileType = sourcecode.swift; path = SubjectModel.swift; sourceTree = "<group>"; };
		693671CE28060DFB001E0668 /* CreateThreadDTOModel.swift */ = {isa = PBXFileReference; lastKnownFileType = sourcecode.swift; path = CreateThreadDTOModel.swift; sourceTree = "<group>"; };
		693671D028060E5C001E0668 /* ThreadModel.swift */ = {isa = PBXFileReference; lastKnownFileType = sourcecode.swift; path = ThreadModel.swift; sourceTree = "<group>"; };
		693671D228060EAA001E0668 /* CreateCommentDTOModel.swift */ = {isa = PBXFileReference; lastKnownFileType = sourcecode.swift; path = CreateCommentDTOModel.swift; sourceTree = "<group>"; };
		6993077828007EB000405DD6 /* TopicCardNarrow.swift */ = {isa = PBXFileReference; lastKnownFileType = sourcecode.swift; path = TopicCardNarrow.swift; sourceTree = "<group>"; };
		6993077A28007F3900405DD6 /* MainPageView.swift */ = {isa = PBXFileReference; lastKnownFileType = sourcecode.swift; path = MainPageView.swift; sourceTree = "<group>"; };
		6993077E2800B0D800405DD6 /* MainPageViewController.swift */ = {isa = PBXFileReference; lastKnownFileType = sourcecode.swift; path = MainPageViewController.swift; sourceTree = "<group>"; };
		699307802800B48F00405DD6 /* TopicCardLong.swift */ = {isa = PBXFileReference; lastKnownFileType = sourcecode.swift; path = TopicCardLong.swift; sourceTree = "<group>"; };
		699307822800BC1C00405DD6 /* SearchBar.swift */ = {isa = PBXFileReference; lastKnownFileType = sourcecode.swift; path = SearchBar.swift; sourceTree = "<group>"; };
		699307842800C49100405DD6 /* PostTwoLines.swift */ = {isa = PBXFileReference; lastKnownFileType = sourcecode.swift; path = PostTwoLines.swift; sourceTree = "<group>"; };
		69B73CD4280461FC00B65379 /* ImageCard.swift */ = {isa = PBXFileReference; lastKnownFileType = sourcecode.swift; path = ImageCard.swift; sourceTree = "<group>"; };
		69B73CD7280462B600B65379 /* PostThreeLines.swift */ = {isa = PBXFileReference; lastKnownFileType = sourcecode.swift; path = PostThreeLines.swift; sourceTree = "<group>"; };
		69B73CD9280467CC00B65379 /* TopicMainPageView.swift */ = {isa = PBXFileReference; lastKnownFileType = sourcecode.swift; path = TopicMainPageView.swift; sourceTree = "<group>"; };
		69B73CDC28046BC700B65379 /* TopicCardSmall.swift */ = {isa = PBXFileReference; lastKnownFileType = sourcecode.swift; path = TopicCardSmall.swift; sourceTree = "<group>"; };
		69B73CDE28046F4200B65379 /* TopicMainPageViewController.swift */ = {isa = PBXFileReference; lastKnownFileType = sourcecode.swift; path = TopicMainPageViewController.swift; sourceTree = "<group>"; };
		69B73CE028048EAC00B65379 /* Header.swift */ = {isa = PBXFileReference; lastKnownFileType = sourcecode.swift; path = Header.swift; sourceTree = "<group>"; };
		69B73CE22804AF4000B65379 /* SearchSuccessView.swift */ = {isa = PBXFileReference; lastKnownFileType = sourcecode.swift; path = SearchSuccessView.swift; sourceTree = "<group>"; };
		69B73CE42804B0D300B65379 /* SearchSuccessViewController.swift */ = {isa = PBXFileReference; lastKnownFileType = sourcecode.swift; path = SearchSuccessViewController.swift; sourceTree = "<group>"; };
		69B73CE62804B14E00B65379 /* SearchFailView.swift */ = {isa = PBXFileReference; lastKnownFileType = sourcecode.swift; path = SearchFailView.swift; sourceTree = "<group>"; };
		69CF953E27FCE20B00545017 /* PostEditorView.swift */ = {isa = PBXFileReference; lastKnownFileType = sourcecode.swift; path = PostEditorView.swift; sourceTree = "<group>"; };
		69CF954527FDF1FF00545017 /* Raleway-Regular.ttf */ = {isa = PBXFileReference; lastKnownFileType = file; path = "Raleway-Regular.ttf"; sourceTree = "<group>"; };
		69CF954627FDF1FF00545017 /* Raleway-SemiBold.ttf */ = {isa = PBXFileReference; lastKnownFileType = file; path = "Raleway-SemiBold.ttf"; sourceTree = "<group>"; };
		69CF954727FDF1FF00545017 /* Raleway-Bold.ttf */ = {isa = PBXFileReference; lastKnownFileType = file; path = "Raleway-Bold.ttf"; sourceTree = "<group>"; };
		69CF954B27FDFA5200545017 /* TabBarController.swift */ = {isa = PBXFileReference; lastKnownFileType = sourcecode.swift; path = TabBarController.swift; sourceTree = "<group>"; };
		69CF954D27FDFA9C00545017 /* PostEditorViewController.swift */ = {isa = PBXFileReference; lastKnownFileType = sourcecode.swift; path = PostEditorViewController.swift; sourceTree = "<group>"; };
		69CF955427FE193B00545017 /* ActivateNotificationStack.swift */ = {isa = PBXFileReference; lastKnownFileType = sourcecode.swift; path = ActivateNotificationStack.swift; sourceTree = "<group>"; };
		69CF955627FE194800545017 /* ButtonsStack.swift */ = {isa = PBXFileReference; lastKnownFileType = sourcecode.swift; path = ButtonsStack.swift; sourceTree = "<group>"; };
		69CF955A27FE196E00545017 /* MessageField.swift */ = {isa = PBXFileReference; lastKnownFileType = sourcecode.swift; path = MessageField.swift; sourceTree = "<group>"; };
		69CF955C27FE198500545017 /* TitleField.swift */ = {isa = PBXFileReference; lastKnownFileType = sourcecode.swift; path = TitleField.swift; sourceTree = "<group>"; };
		69CF955E27FF12D700545017 /* FullPost.swift */ = {isa = PBXFileReference; lastKnownFileType = sourcecode.swift; path = FullPost.swift; sourceTree = "<group>"; };
		69CF956027FF150100545017 /* Raleway-Italic.ttf */ = {isa = PBXFileReference; lastKnownFileType = file; path = "Raleway-Italic.ttf"; sourceTree = "<group>"; };
		69CF956227FF195100545017 /* FullPostViewController.swift */ = {isa = PBXFileReference; lastKnownFileType = sourcecode.swift; path = FullPostViewController.swift; sourceTree = "<group>"; };
		69CF956427FF2AAD00545017 /* LongButton.swift */ = {isa = PBXFileReference; lastKnownFileType = sourcecode.swift; path = LongButton.swift; sourceTree = "<group>"; };
		69CF956627FF2B4400545017 /* FullPostView.swift */ = {isa = PBXFileReference; lastKnownFileType = sourcecode.swift; path = FullPostView.swift; sourceTree = "<group>"; };
		69E85DAA280D9D8A002FEEBE /* SubjectIDModel.swift */ = {isa = PBXFileReference; lastKnownFileType = sourcecode.swift; path = SubjectIDModel.swift; sourceTree = "<group>"; };
		69E85DAC280DB11B002FEEBE /* ThreadIDModel.swift */ = {isa = PBXFileReference; lastKnownFileType = sourcecode.swift; path = ThreadIDModel.swift; sourceTree = "<group>"; };
/* End PBXFileReference section */

/* Begin PBXFrameworksBuildPhase section */
		0E54D37927FB40F400EB3D81 /* Frameworks */ = {
			isa = PBXFrameworksBuildPhase;
			buildActionMask = 2147483647;
			files = (
			);
			runOnlyForDeploymentPostprocessing = 0;
		};
/* End PBXFrameworksBuildPhase section */

/* Begin PBXGroup section */
		0E54D37327FB40F400EB3D81 = {
			isa = PBXGroup;
			children = (
				0E54D37E27FB40F400EB3D81 /* tamojunto */,
				0ECB68B527FE4FC1000CD6B0 /* Assets.xcassets */,
			);
			sourceTree = "<group>";
		};
		0E54D37D27FB40F400EB3D81 /* Products */ = {
			isa = PBXGroup;
			children = (
				0E54D37C27FB40F400EB3D81 /* tamojunto.app */,
			);
			name = Products;
			path = ..;
			sourceTree = "<group>";
		};
		0E54D37E27FB40F400EB3D81 /* tamojunto */ = {
			isa = PBXGroup;
			children = (
				0E54D37D27FB40F400EB3D81 /* Products */,
				0EC7FB9727FF2676004DB853 /* Protocols */,
				0E61E36727FCB6AC00C21E83 /* Extensions */,
				0E61E36427FCB63900C21E83 /* Networking */,
				0E61E36527FCB63F00C21E83 /* Model */,
				0E61E36327FCB62E00C21E83 /* Controller */,
				0E61E36027FCB61600C21E83 /* View */,
				0E61E36127FCB61D00C21E83 /* AppDelegate */,
				0E61E36627FCB64800C21E83 /* Launchscreen */,
				0E54D38D27FB40F500EB3D81 /* Info.plist */,
				69CF954427FDF1E900545017 /* Fonts */,
			);
			path = tamojunto;
			sourceTree = "<group>";
		};
		0E61E36027FCB61600C21E83 /* View */ = {
			isa = PBXGroup;
			children = (
				69CF953E27FCE20B00545017 /* PostEditorView.swift */,
				69B73CE22804AF4000B65379 /* SearchSuccessView.swift */,
				69B73CE62804B14E00B65379 /* SearchFailView.swift */,
				0EC7FB9327FF23CA004DB853 /* MakeCommentView.swift */,
				69CF956627FF2B4400545017 /* FullPostView.swift */,
				0E26ED412800C15E000F995F /* CommentsInPostView.swift */,
				6993077A28007F3900405DD6 /* MainPageView.swift */,
				69B73CD9280467CC00B65379 /* TopicMainPageView.swift */,
				69CF955327FE192100545017 /* Components */,
			);
			path = View;
			sourceTree = "<group>";
		};
		0E61E36127FCB61D00C21E83 /* AppDelegate */ = {
			isa = PBXGroup;
			children = (
				0E54D37F27FB40F400EB3D81 /* AppDelegate.swift */,
				0E54D38127FB40F400EB3D81 /* SceneDelegate.swift */,
			);
			path = AppDelegate;
			sourceTree = "<group>";
		};
		0E61E36327FCB62E00C21E83 /* Controller */ = {
			isa = PBXGroup;
			children = (
				6993077E2800B0D800405DD6 /* MainPageViewController.swift */,
				69B73CDE28046F4200B65379 /* TopicMainPageViewController.swift */,
				69CF956227FF195100545017 /* FullPostViewController.swift */,
				0EC7FB9E27FF6473004DB853 /* MakeCommentViewController.swift */,
				0E54D38327FB40F400EB3D81 /* ViewController.swift */,
				69CF954B27FDFA5200545017 /* TabBarController.swift */,
				69CF954D27FDFA9C00545017 /* PostEditorViewController.swift */,
				0ECDB4222804756D00DA7908 /* PostCommentsViewController.swift */,
				69B73CE42804B0D300B65379 /* SearchSuccessViewController.swift */,
			);
			path = Controller;
			sourceTree = "<group>";
		};
		0E61E36427FCB63900C21E83 /* Networking */ = {
			isa = PBXGroup;
			children = (
				0E08F1722807790B001298CD /* NetworkService.swift */,
				0E08F1762807853F001298CD /* RequestError.swift */,
				0E08F178280790CE001298CD /* TamoJuntoAPI.swift */,
			);
			path = Networking;
			sourceTree = "<group>";
		};
		0E61E36527FCB63F00C21E83 /* Model */ = {
			isa = PBXGroup;
			children = (
				693671CC28060CAC001E0668 /* SubjectModel.swift */,
				693671D028060E5C001E0668 /* ThreadModel.swift */,
				69E85DAA280D9D8A002FEEBE /* SubjectIDModel.swift */,
				69E85DAC280DB11B002FEEBE /* ThreadIDModel.swift */,
				693671C828060BBB001E0668 /* UserModel.swift */,
				693671BE28060A3E001E0668 /* LoginDTOModel.swift */,
				693671C028060A69001E0668 /* CreateUserDTOModel.swift */,
				693671C228060AAC001E0668 /* StateModel.swift */,
				693671C428060B37001E0668 /* CityModel.swift */,
				693671C628060B95001E0668 /* FileModel.swift */,
				693671CA28060C8B001E0668 /* CreateSubjectDTOModel.swift */,
				693671CE28060DFB001E0668 /* CreateThreadDTOModel.swift */,
				693671D228060EAA001E0668 /* CreateCommentDTOModel.swift */,
			);
			path = Model;
			sourceTree = "<group>";
		};
		0E61E36627FCB64800C21E83 /* Launchscreen */ = {
			isa = PBXGroup;
			children = (
				0E54D38A27FB40F500EB3D81 /* LaunchScreen.storyboard */,
			);
			path = Launchscreen;
			sourceTree = "<group>";
		};
		0E61E36727FCB6AC00C21E83 /* Extensions */ = {
			isa = PBXGroup;
			children = (
				0E61E36827FCB6B900C21E83 /* UIViewExtension.swift */,
				0EAA937E280A106700C7AE5E /* UIImageViewExtension.swift */,
				0EC7FB9C27FF2ADE004DB853 /* UILabelExtension.swift */,
				0E08F17428077A10001298CD /* StringExtension.swift */,
				0EAA937C2809DF7D00C7AE5E /* URLExtension.swift */,
			);
			path = Extensions;
			sourceTree = "<group>";
		};
		0EC7FB9727FF2676004DB853 /* Protocols */ = {
			isa = PBXGroup;
			children = (
				0EC7FB9827FF2682004DB853 /* CodeView.swift */,
			);
			path = Protocols;
			sourceTree = "<group>";
		};
		69CF954427FDF1E900545017 /* Fonts */ = {
			isa = PBXGroup;
			children = (
				69CF956027FF150100545017 /* Raleway-Italic.ttf */,
				69CF954727FDF1FF00545017 /* Raleway-Bold.ttf */,
				69CF954527FDF1FF00545017 /* Raleway-Regular.ttf */,
				69CF954627FDF1FF00545017 /* Raleway-SemiBold.ttf */,
			);
			path = Fonts;
			sourceTree = "<group>";
		};
		69CF955327FE192100545017 /* Components */ = {
			isa = PBXGroup;
			children = (
				69CF955427FE193B00545017 /* ActivateNotificationStack.swift */,
				69CF955627FE194800545017 /* ButtonsStack.swift */,
				0ECDB4242804BE0600DA7908 /* CommentsStackView.swift */,
				0E26ED3E28008EB4000F995F /* CommentView.swift */,
				69B73CE028048EAC00B65379 /* Header.swift */,
				69CF955A27FE196E00545017 /* MessageField.swift */,
				69CF955C27FE198500545017 /* TitleField.swift */,
				0EC7FB9527FF24A2004DB853 /* PostView.swift */,
				699307842800C49100405DD6 /* PostTwoLines.swift */,
				69CF955E27FF12D700545017 /* FullPost.swift */,
				69B73CD7280462B600B65379 /* PostThreeLines.swift */,
				69CF956427FF2AAD00545017 /* LongButton.swift */,
				69B73CDC28046BC700B65379 /* TopicCardSmall.swift */,
				6993077828007EB000405DD6 /* TopicCardNarrow.swift */,
				699307802800B48F00405DD6 /* TopicCardLong.swift */,
				699307822800BC1C00405DD6 /* SearchBar.swift */,
				69B73CD4280461FC00B65379 /* ImageCard.swift */,
			);
			path = Components;
			sourceTree = "<group>";
		};
/* End PBXGroup section */

/* Begin PBXNativeTarget section */
		0E54D37B27FB40F400EB3D81 /* tamojunto */ = {
			isa = PBXNativeTarget;
			buildConfigurationList = 0E54D39027FB40F500EB3D81 /* Build configuration list for PBXNativeTarget "tamojunto" */;
			buildPhases = (
				0E54D37827FB40F400EB3D81 /* Sources */,
				0E54D37927FB40F400EB3D81 /* Frameworks */,
				0E54D37A27FB40F400EB3D81 /* Resources */,
			);
			buildRules = (
			);
			dependencies = (
			);
			name = tamojunto;
			productName = tamojunto;
			productReference = 0E54D37C27FB40F400EB3D81 /* tamojunto.app */;
			productType = "com.apple.product-type.application";
		};
/* End PBXNativeTarget section */

/* Begin PBXProject section */
		0E54D37427FB40F400EB3D81 /* Project object */ = {
			isa = PBXProject;
			attributes = {
				BuildIndependentTargetsInParallel = 1;
				LastSwiftUpdateCheck = 1300;
				LastUpgradeCheck = 1300;
				TargetAttributes = {
					0E54D37B27FB40F400EB3D81 = {
						CreatedOnToolsVersion = 13.0;
					};
				};
			};
			buildConfigurationList = 0E54D37727FB40F400EB3D81 /* Build configuration list for PBXProject "tamojunto" */;
			compatibilityVersion = "Xcode 13.0";
			developmentRegion = en;
			hasScannedForEncodings = 0;
			knownRegions = (
				en,
				Base,
			);
			mainGroup = 0E54D37327FB40F400EB3D81;
			productRefGroup = 0E54D37D27FB40F400EB3D81 /* Products */;
			projectDirPath = "";
			projectRoot = "";
			targets = (
				0E54D37B27FB40F400EB3D81 /* tamojunto */,
			);
		};
/* End PBXProject section */

/* Begin PBXResourcesBuildPhase section */
		0E54D37A27FB40F400EB3D81 /* Resources */ = {
			isa = PBXResourcesBuildPhase;
			buildActionMask = 2147483647;
			files = (
				0E54D38C27FB40F500EB3D81 /* LaunchScreen.storyboard in Resources */,
				69CF954827FDF20300545017 /* Raleway-Bold.ttf in Resources */,
				69CF954927FDF20500545017 /* Raleway-Regular.ttf in Resources */,
				69CF956127FF150100545017 /* Raleway-Italic.ttf in Resources */,
				0E26ED4028008FCF000F995F /* Assets.xcassets in Resources */,
				69CF954A27FDF20700545017 /* Raleway-SemiBold.ttf in Resources */,
			);
			runOnlyForDeploymentPostprocessing = 0;
		};
/* End PBXResourcesBuildPhase section */

/* Begin PBXSourcesBuildPhase section */
		0E54D37827FB40F400EB3D81 /* Sources */ = {
			isa = PBXSourcesBuildPhase;
			buildActionMask = 2147483647;
			files = (
				69CF954C27FDFA5200545017 /* TabBarController.swift in Sources */,
				6993077F2800B0D800405DD6 /* MainPageViewController.swift in Sources */,
				69CF955D27FE198500545017 /* TitleField.swift in Sources */,
				693671CF28060DFB001E0668 /* CreateThreadDTOModel.swift in Sources */,
				0EC7FB9F27FF6473004DB853 /* MakeCommentViewController.swift in Sources */,
				69CF954E27FDFA9D00545017 /* PostEditorViewController.swift in Sources */,
				69CF956527FF2AAD00545017 /* LongButton.swift in Sources */,
				69CF956327FF195100545017 /* FullPostViewController.swift in Sources */,
				0E08F1772807853F001298CD /* RequestError.swift in Sources */,
				693671BF28060A3E001E0668 /* LoginDTOModel.swift in Sources */,
				699307832800BC1C00405DD6 /* SearchBar.swift in Sources */,
				0E08F1732807790B001298CD /* NetworkService.swift in Sources */,
				693671C128060A69001E0668 /* CreateUserDTOModel.swift in Sources */,
				693671CB28060C8B001E0668 /* CreateSubjectDTOModel.swift in Sources */,
				6993077B28007F3900405DD6 /* MainPageView.swift in Sources */,
				0E54D38427FB40F400EB3D81 /* ViewController.swift in Sources */,
				69B73CE32804AF4000B65379 /* SearchSuccessView.swift in Sources */,
				0EC7FB9427FF23CA004DB853 /* MakeCommentView.swift in Sources */,
				0E54D38027FB40F400EB3D81 /* AppDelegate.swift in Sources */,
				693671D328060EAA001E0668 /* CreateCommentDTOModel.swift in Sources */,
				0ECDB4252804BE0600DA7908 /* CommentsStackView.swift in Sources */,
				0E26ED422800C15E000F995F /* CommentsInPostView.swift in Sources */,
				0ECDB4232804756D00DA7908 /* PostCommentsViewController.swift in Sources */,
				693671C528060B37001E0668 /* CityModel.swift in Sources */,
				69CF953F27FCE20B00545017 /* PostEditorView.swift in Sources */,
				69CF955F27FF12D700545017 /* FullPost.swift in Sources */,
				69CF956727FF2B4400545017 /* FullPostView.swift in Sources */,
				0E08F179280790CE001298CD /* TamoJuntoAPI.swift in Sources */,
				0EAA937D2809DF7D00C7AE5E /* URLExtension.swift in Sources */,
				0E26ED3F28008EB4000F995F /* CommentView.swift in Sources */,
				6993077928007EB000405DD6 /* TopicCardNarrow.swift in Sources */,
				69B73CE128048EAC00B65379 /* Header.swift in Sources */,
				69E85DAD280DB11B002FEEBE /* ThreadIDModel.swift in Sources */,
				69B73CE52804B0D300B65379 /* SearchSuccessViewController.swift in Sources */,
				693671C328060AAC001E0668 /* StateModel.swift in Sources */,
				0E61E36927FCB6BA00C21E83 /* UIViewExtension.swift in Sources */,
				69CF955727FE194800545017 /* ButtonsStack.swift in Sources */,
				69B73CDA280467CC00B65379 /* TopicMainPageView.swift in Sources */,
				0EC7FB9927FF2682004DB853 /* CodeView.swift in Sources */,
				69B73CD5280461FC00B65379 /* ImageCard.swift in Sources */,
				69B73CE72804B14E00B65379 /* SearchFailView.swift in Sources */,
				0EAA937F280A106700C7AE5E /* UIImageViewExtension.swift in Sources */,
				69CF955527FE193B00545017 /* ActivateNotificationStack.swift in Sources */,
				69B73CDF28046F4200B65379 /* TopicMainPageViewController.swift in Sources */,
				0EC7FB9D27FF2ADE004DB853 /* UILabelExtension.swift in Sources */,
				69CF955B27FE196E00545017 /* MessageField.swift in Sources */,
				699307852800C49100405DD6 /* PostTwoLines.swift in Sources */,
				69E85DAB280D9D8A002FEEBE /* SubjectIDModel.swift in Sources */,
				693671D128060E5C001E0668 /* ThreadModel.swift in Sources */,
				69B73CDD28046BC700B65379 /* TopicCardSmall.swift in Sources */,
				69B73CD8280462B600B65379 /* PostThreeLines.swift in Sources */,
				0EC7FB9627FF24A2004DB853 /* PostView.swift in Sources */,
				0E54D38227FB40F400EB3D81 /* SceneDelegate.swift in Sources */,
				0E08F17528077A10001298CD /* StringExtension.swift in Sources */,
				699307812800B48F00405DD6 /* TopicCardLong.swift in Sources */,
				693671C928060BBB001E0668 /* UserModel.swift in Sources */,
				693671C728060B95001E0668 /* FileModel.swift in Sources */,
				693671CD28060CAC001E0668 /* SubjectModel.swift in Sources */,
			);
			runOnlyForDeploymentPostprocessing = 0;
		};
/* End PBXSourcesBuildPhase section */

/* Begin PBXVariantGroup section */
		0E54D38A27FB40F500EB3D81 /* LaunchScreen.storyboard */ = {
			isa = PBXVariantGroup;
			children = (
				0E54D38B27FB40F500EB3D81 /* Base */,
			);
			name = LaunchScreen.storyboard;
			sourceTree = "<group>";
		};
/* End PBXVariantGroup section */

/* Begin XCBuildConfiguration section */
		0E54D38E27FB40F500EB3D81 /* Debug */ = {
			isa = XCBuildConfiguration;
			buildSettings = {
				ALWAYS_SEARCH_USER_PATHS = NO;
				CLANG_ANALYZER_NONNULL = YES;
				CLANG_ANALYZER_NUMBER_OBJECT_CONVERSION = YES_AGGRESSIVE;
				CLANG_CXX_LANGUAGE_STANDARD = "gnu++17";
				CLANG_CXX_LIBRARY = "libc++";
				CLANG_ENABLE_MODULES = YES;
				CLANG_ENABLE_OBJC_ARC = YES;
				CLANG_ENABLE_OBJC_WEAK = YES;
				CLANG_WARN_BLOCK_CAPTURE_AUTORELEASING = YES;
				CLANG_WARN_BOOL_CONVERSION = YES;
				CLANG_WARN_COMMA = YES;
				CLANG_WARN_CONSTANT_CONVERSION = YES;
				CLANG_WARN_DEPRECATED_OBJC_IMPLEMENTATIONS = YES;
				CLANG_WARN_DIRECT_OBJC_ISA_USAGE = YES_ERROR;
				CLANG_WARN_DOCUMENTATION_COMMENTS = YES;
				CLANG_WARN_EMPTY_BODY = YES;
				CLANG_WARN_ENUM_CONVERSION = YES;
				CLANG_WARN_INFINITE_RECURSION = YES;
				CLANG_WARN_INT_CONVERSION = YES;
				CLANG_WARN_NON_LITERAL_NULL_CONVERSION = YES;
				CLANG_WARN_OBJC_IMPLICIT_RETAIN_SELF = YES;
				CLANG_WARN_OBJC_LITERAL_CONVERSION = YES;
				CLANG_WARN_OBJC_ROOT_CLASS = YES_ERROR;
				CLANG_WARN_QUOTED_INCLUDE_IN_FRAMEWORK_HEADER = YES;
				CLANG_WARN_RANGE_LOOP_ANALYSIS = YES;
				CLANG_WARN_STRICT_PROTOTYPES = YES;
				CLANG_WARN_SUSPICIOUS_MOVE = YES;
				CLANG_WARN_UNGUARDED_AVAILABILITY = YES_AGGRESSIVE;
				CLANG_WARN_UNREACHABLE_CODE = YES;
				CLANG_WARN__DUPLICATE_METHOD_MATCH = YES;
				COPY_PHASE_STRIP = NO;
				DEBUG_INFORMATION_FORMAT = dwarf;
				ENABLE_STRICT_OBJC_MSGSEND = YES;
				ENABLE_TESTABILITY = YES;
				GCC_C_LANGUAGE_STANDARD = gnu11;
				GCC_DYNAMIC_NO_PIC = NO;
				GCC_NO_COMMON_BLOCKS = YES;
				GCC_OPTIMIZATION_LEVEL = 0;
				GCC_PREPROCESSOR_DEFINITIONS = (
					"DEBUG=1",
					"$(inherited)",
				);
				GCC_WARN_64_TO_32_BIT_CONVERSION = YES;
				GCC_WARN_ABOUT_RETURN_TYPE = YES_ERROR;
				GCC_WARN_UNDECLARED_SELECTOR = YES;
				GCC_WARN_UNINITIALIZED_AUTOS = YES_AGGRESSIVE;
				GCC_WARN_UNUSED_FUNCTION = YES;
				GCC_WARN_UNUSED_VARIABLE = YES;
				IPHONEOS_DEPLOYMENT_TARGET = 15.0;
				MTL_ENABLE_DEBUG_INFO = INCLUDE_SOURCE;
				MTL_FAST_MATH = YES;
				ONLY_ACTIVE_ARCH = YES;
				SDKROOT = iphoneos;
				SWIFT_ACTIVE_COMPILATION_CONDITIONS = DEBUG;
				SWIFT_OPTIMIZATION_LEVEL = "-Onone";
			};
			name = Debug;
		};
		0E54D38F27FB40F500EB3D81 /* Release */ = {
			isa = XCBuildConfiguration;
			buildSettings = {
				ALWAYS_SEARCH_USER_PATHS = NO;
				CLANG_ANALYZER_NONNULL = YES;
				CLANG_ANALYZER_NUMBER_OBJECT_CONVERSION = YES_AGGRESSIVE;
				CLANG_CXX_LANGUAGE_STANDARD = "gnu++17";
				CLANG_CXX_LIBRARY = "libc++";
				CLANG_ENABLE_MODULES = YES;
				CLANG_ENABLE_OBJC_ARC = YES;
				CLANG_ENABLE_OBJC_WEAK = YES;
				CLANG_WARN_BLOCK_CAPTURE_AUTORELEASING = YES;
				CLANG_WARN_BOOL_CONVERSION = YES;
				CLANG_WARN_COMMA = YES;
				CLANG_WARN_CONSTANT_CONVERSION = YES;
				CLANG_WARN_DEPRECATED_OBJC_IMPLEMENTATIONS = YES;
				CLANG_WARN_DIRECT_OBJC_ISA_USAGE = YES_ERROR;
				CLANG_WARN_DOCUMENTATION_COMMENTS = YES;
				CLANG_WARN_EMPTY_BODY = YES;
				CLANG_WARN_ENUM_CONVERSION = YES;
				CLANG_WARN_INFINITE_RECURSION = YES;
				CLANG_WARN_INT_CONVERSION = YES;
				CLANG_WARN_NON_LITERAL_NULL_CONVERSION = YES;
				CLANG_WARN_OBJC_IMPLICIT_RETAIN_SELF = YES;
				CLANG_WARN_OBJC_LITERAL_CONVERSION = YES;
				CLANG_WARN_OBJC_ROOT_CLASS = YES_ERROR;
				CLANG_WARN_QUOTED_INCLUDE_IN_FRAMEWORK_HEADER = YES;
				CLANG_WARN_RANGE_LOOP_ANALYSIS = YES;
				CLANG_WARN_STRICT_PROTOTYPES = YES;
				CLANG_WARN_SUSPICIOUS_MOVE = YES;
				CLANG_WARN_UNGUARDED_AVAILABILITY = YES_AGGRESSIVE;
				CLANG_WARN_UNREACHABLE_CODE = YES;
				CLANG_WARN__DUPLICATE_METHOD_MATCH = YES;
				COPY_PHASE_STRIP = NO;
				DEBUG_INFORMATION_FORMAT = "dwarf-with-dsym";
				ENABLE_NS_ASSERTIONS = NO;
				ENABLE_STRICT_OBJC_MSGSEND = YES;
				GCC_C_LANGUAGE_STANDARD = gnu11;
				GCC_NO_COMMON_BLOCKS = YES;
				GCC_WARN_64_TO_32_BIT_CONVERSION = YES;
				GCC_WARN_ABOUT_RETURN_TYPE = YES_ERROR;
				GCC_WARN_UNDECLARED_SELECTOR = YES;
				GCC_WARN_UNINITIALIZED_AUTOS = YES_AGGRESSIVE;
				GCC_WARN_UNUSED_FUNCTION = YES;
				GCC_WARN_UNUSED_VARIABLE = YES;
				IPHONEOS_DEPLOYMENT_TARGET = 15.0;
				MTL_ENABLE_DEBUG_INFO = NO;
				MTL_FAST_MATH = YES;
				SDKROOT = iphoneos;
				SWIFT_COMPILATION_MODE = wholemodule;
				SWIFT_OPTIMIZATION_LEVEL = "-O";
				VALIDATE_PRODUCT = YES;
			};
			name = Release;
		};
		0E54D39127FB40F500EB3D81 /* Debug */ = {
			isa = XCBuildConfiguration;
			buildSettings = {
				ASSETCATALOG_COMPILER_APPICON_NAME = AppIcon;
				CODE_SIGN_STYLE = Automatic;
				CURRENT_PROJECT_VERSION = 1;
				DEVELOPMENT_TEAM = K8YJCG8ZFA;
				GENERATE_INFOPLIST_FILE = YES;
				INFOPLIST_FILE = tamojunto/Info.plist;
				INFOPLIST_KEY_UIApplicationSupportsIndirectInputEvents = YES;
				INFOPLIST_KEY_UILaunchStoryboardName = LaunchScreen;
				INFOPLIST_KEY_UISupportedInterfaceOrientations_iPad = "UIInterfaceOrientationPortrait UIInterfaceOrientationPortraitUpsideDown UIInterfaceOrientationLandscapeLeft UIInterfaceOrientationLandscapeRight";
				INFOPLIST_KEY_UISupportedInterfaceOrientations_iPhone = "UIInterfaceOrientationPortrait UIInterfaceOrientationLandscapeLeft UIInterfaceOrientationLandscapeRight";
				LD_RUNPATH_SEARCH_PATHS = (
					"$(inherited)",
					"@executable_path/Frameworks",
				);
				MARKETING_VERSION = 1.0;
				PRODUCT_BUNDLE_IDENTIFIER = com.giovannatoni.tamojunto;
				PRODUCT_NAME = "$(TARGET_NAME)";
				SWIFT_EMIT_LOC_STRINGS = YES;
				SWIFT_VERSION = 5.0;
				TARGETED_DEVICE_FAMILY = "1,2";
			};
			name = Debug;
		};
		0E54D39227FB40F500EB3D81 /* Release */ = {
			isa = XCBuildConfiguration;
			buildSettings = {
				ASSETCATALOG_COMPILER_APPICON_NAME = AppIcon;
				CODE_SIGN_STYLE = Automatic;
				CURRENT_PROJECT_VERSION = 1;
				DEVELOPMENT_TEAM = K8YJCG8ZFA;
				GENERATE_INFOPLIST_FILE = YES;
				INFOPLIST_FILE = tamojunto/Info.plist;
				INFOPLIST_KEY_UIApplicationSupportsIndirectInputEvents = YES;
				INFOPLIST_KEY_UILaunchStoryboardName = LaunchScreen;
				INFOPLIST_KEY_UISupportedInterfaceOrientations_iPad = "UIInterfaceOrientationPortrait UIInterfaceOrientationPortraitUpsideDown UIInterfaceOrientationLandscapeLeft UIInterfaceOrientationLandscapeRight";
				INFOPLIST_KEY_UISupportedInterfaceOrientations_iPhone = "UIInterfaceOrientationPortrait UIInterfaceOrientationLandscapeLeft UIInterfaceOrientationLandscapeRight";
				LD_RUNPATH_SEARCH_PATHS = (
					"$(inherited)",
					"@executable_path/Frameworks",
				);
				MARKETING_VERSION = 1.0;
				PRODUCT_BUNDLE_IDENTIFIER = com.giovannatoni.tamojunto;
				PRODUCT_NAME = "$(TARGET_NAME)";
				SWIFT_EMIT_LOC_STRINGS = YES;
				SWIFT_VERSION = 5.0;
				TARGETED_DEVICE_FAMILY = "1,2";
			};
			name = Release;
		};
/* End XCBuildConfiguration section */

/* Begin XCConfigurationList section */
		0E54D37727FB40F400EB3D81 /* Build configuration list for PBXProject "tamojunto" */ = {
			isa = XCConfigurationList;
			buildConfigurations = (
				0E54D38E27FB40F500EB3D81 /* Debug */,
				0E54D38F27FB40F500EB3D81 /* Release */,
			);
			defaultConfigurationIsVisible = 0;
			defaultConfigurationName = Release;
		};
		0E54D39027FB40F500EB3D81 /* Build configuration list for PBXNativeTarget "tamojunto" */ = {
			isa = XCConfigurationList;
			buildConfigurations = (
				0E54D39127FB40F500EB3D81 /* Debug */,
				0E54D39227FB40F500EB3D81 /* Release */,
			);
			defaultConfigurationIsVisible = 0;
			defaultConfigurationName = Release;
		};
/* End XCConfigurationList section */
	};
	rootObject = 0E54D37427FB40F400EB3D81 /* Project object */;
}
